// !$*UTF8*$!
{
	archiveVersion = 1;
	classes = {
	};
	objectVersion = 46;
	objects = {

/* Begin PBXBuildFile section */
		5199C0DD1B24C79900C90233 /* main.m in Sources */ = {isa = PBXBuildFile; fileRef = 5199C0DC1B24C79900C90233 /* main.m */; };
		5199C0E01B24C79A00C90233 /* AppDelegate.m in Sources */ = {isa = PBXBuildFile; fileRef = 5199C0DF1B24C79A00C90233 /* AppDelegate.m */; };
		5199C0E31B24C79A00C90233 /* ViewController.m in Sources */ = {isa = PBXBuildFile; fileRef = 5199C0E21B24C79A00C90233 /* ViewController.m */; };
		5199C0E61B24C79A00C90233 /* Main.storyboard in Resources */ = {isa = PBXBuildFile; fileRef = 5199C0E41B24C79A00C90233 /* Main.storyboard */; };
		5199C0E81B24C79A00C90233 /* Images.xcassets in Resources */ = {isa = PBXBuildFile; fileRef = 5199C0E71B24C79A00C90233 /* Images.xcassets */; };
		5199C0EB1B24C79A00C90233 /* LaunchScreen.xib in Resources */ = {isa = PBXBuildFile; fileRef = 5199C0E91B24C79A00C90233 /* LaunchScreen.xib */; };
		5199C0F71B24C79A00C90233 /* MaddLibsTests.m in Sources */ = {isa = PBXBuildFile; fileRef = 5199C0F61B24C79A00C90233 /* MaddLibsTests.m */; };
/* End PBXBuildFile section */

/* Begin PBXContainerItemProxy section */
		5199C0F11B24C79A00C90233 /* PBXContainerItemProxy */ = {
			isa = PBXContainerItemProxy;
			containerPortal = 5199C0CF1B24C79900C90233 /* Project object */;
			proxyType = 1;
			remoteGlobalIDString = 5199C0D61B24C79900C90233;
			remoteInfo = MaddLibs;
		};
/* End PBXContainerItemProxy section */

/* Begin PBXFileReference section */
		5199C0D71B24C79900C90233 /* MaddLibs.app */ = {isa = PBXFileReference; explicitFileType = wrapper.application; includeInIndex = 0; path = MaddLibs.app; sourceTree = BUILT_PRODUCTS_DIR; };
		5199C0DB1B24C79900C90233 /* Info.plist */ = {isa = PBXFileReference; lastKnownFileType = text.plist.xml; path = Info.plist; sourceTree = "<group>"; };
		5199C0DC1B24C79900C90233 /* main.m */ = {isa = PBXFileReference; lastKnownFileType = sourcecode.c.objc; path = main.m; sourceTree = "<group>"; };
		5199C0DE1B24C79900C90233 /* AppDelegate.h */ = {isa = PBXFileReference; lastKnownFileType = sourcecode.c.h; path = AppDelegate.h; sourceTree = "<group>"; };
		5199C0DF1B24C79A00C90233 /* AppDelegate.m */ = {isa = PBXFileReference; lastKnownFileType = sourcecode.c.objc; path = AppDelegate.m; sourceTree = "<group>"; };
		5199C0E11B24C79A00C90233 /* ViewController.h */ = {isa = PBXFileReference; lastKnownFileType = sourcecode.c.h; path = ViewController.h; sourceTree = "<group>"; };
		5199C0E21B24C79A00C90233 /* ViewController.m */ = {isa = PBXFileReference; lastKnownFileType = sourcecode.c.objc; path = ViewController.m; sourceTree = "<group>"; };
		5199C0E51B24C79A00C90233 /* Base */ = {isa = PBXFileReference; lastKnownFileType = file.storyboard; name = Base; path = Base.lproj/Main.storyboard; sourceTree = "<group>"; };
		5199C0E71B24C79A00C90233 /* Images.xcassets */ = {isa = PBXFileReference; lastKnownFileType = folder.assetcatalog; path = Images.xcassets; sourceTree = "<group>"; };
		5199C0EA1B24C79A00C90233 /* Base */ = {isa = PBXFileReference; lastKnownFileType = file.xib; name = Base; path = Base.lproj/LaunchScreen.xib; sourceTree = "<group>"; };
		5199C0F01B24C79A00C90233 /* MaddLibsTests.xctest */ = {isa = PBXFileReference; explicitFileType = wrapper.cfbundle; includeInIndex = 0; path = MaddLibsTests.xctest; sourceTree = BUILT_PRODUCTS_DIR; };
		5199C0F51B24C79A00C90233 /* Info.plist */ = {isa = PBXFileReference; lastKnownFileType = text.plist.xml; path = Info.plist; sourceTree = "<group>"; };
		5199C0F61B24C79A00C90233 /* MaddLibsTests.m */ = {isa = PBXFileReference; lastKnownFileType = sourcecode.c.objc; path = MaddLibsTests.m; sourceTree = "<group>"; };
/* End PBXFileReference section */

/* Begin PBXFrameworksBuildPhase section */
		5199C0D41B24C79900C90233 /* Frameworks */ = {
			isa = PBXFrameworksBuildPhase;
			buildActionMask = 2147483647;
			files = (
			);
			runOnlyForDeploymentPostprocessing = 0;
		};
		5199C0ED1B24C79A00C90233 /* Frameworks */ = {
			isa = PBXFrameworksBuildPhase;
			buildActionMask = 2147483647;
			files = (
			);
			runOnlyForDeploymentPostprocessing = 0;
		};
/* End PBXFrameworksBuildPhase section */

/* Begin PBXGroup section */
		5199C0CE1B24C79900C90233 = {
			isa = PBXGroup;
			children = (
				5199C0D91B24C79900C90233 /* MaddLibs */,
				5199C0F31B24C79A00C90233 /* MaddLibsTests */,
				5199C0D81B24C79900C90233 /* Products */,
			);
			sourceTree = "<group>";
		};
		5199C0D81B24C79900C90233 /* Products */ = {
			isa = PBXGroup;
			children = (
				5199C0D71B24C79900C90233 /* MaddLibs.app */,
				5199C0F01B24C79A00C90233 /* MaddLibsTests.xctest */,
			);
			name = Products;
			sourceTree = "<group>";
		};
		5199C0D91B24C79900C90233 /* MaddLibs */ = {
			isa = PBXGroup;
			children = (
				5199C0DE1B24C79900C90233 /* AppDelegate.h */,
				5199C0DF1B24C79A00C90233 /* AppDelegate.m */,
				5199C0E11B24C79A00C90233 /* ViewController.h */,
				5199C0E21B24C79A00C90233 /* ViewController.m */,
				5199C0E41B24C79A00C90233 /* Main.storyboard */,
				5199C0E71B24C79A00C90233 /* Images.xcassets */,
				5199C0E91B24C79A00C90233 /* LaunchScreen.xib */,
				5199C0DA1B24C79900C90233 /* Supporting Files */,
			);
			path = MaddLibs;
			sourceTree = "<group>";
		};
		5199C0DA1B24C79900C90233 /* Supporting Files */ = {
			isa = PBXGroup;
			children = (
				5199C0DB1B24C79900C90233 /* Info.plist */,
				5199C0DC1B24C79900C90233 /* main.m */,
			);
			name = "Supporting Files";
			sourceTree = "<group>";
		};
		5199C0F31B24C79A00C90233 /* MaddLibsTests */ = {
			isa = PBXGroup;
			children = (
				5199C0F61B24C79A00C90233 /* MaddLibsTests.m */,
				5199C0F41B24C79A00C90233 /* Supporting Files */,
			);
			path = MaddLibsTests;
			sourceTree = "<group>";
		};
		5199C0F41B24C79A00C90233 /* Supporting Files */ = {
			isa = PBXGroup;
			children = (
				5199C0F51B24C79A00C90233 /* Info.plist */,
			);
			name = "Supporting Files";
			sourceTree = "<group>";
		};
/* End PBXGroup section */

/* Begin PBXNativeTarget section */
		5199C0D61B24C79900C90233 /* MaddLibs */ = {
			isa = PBXNativeTarget;
			buildConfigurationList = 5199C0FA1B24C79A00C90233 /* Build configuration list for PBXNativeTarget "MaddLibs" */;
			buildPhases = (
				5199C0D31B24C79900C90233 /* Sources */,
				5199C0D41B24C79900C90233 /* Frameworks */,
				5199C0D51B24C79900C90233 /* Resources */,
			);
			buildRules = (
			);
			dependencies = (
			);
			name = MaddLibs;
			productName = MaddLibs;
			productReference = 5199C0D71B24C79900C90233 /* MaddLibs.app */;
			productType = "com.apple.product-type.application";
		};
		5199C0EF1B24C79A00C90233 /* MaddLibsTests */ = {
			isa = PBXNativeTarget;
			buildConfigurationList = 5199C0FD1B24C79A00C90233 /* Build configuration list for PBXNativeTarget "MaddLibsTests" */;
			buildPhases = (
				5199C0EC1B24C79A00C90233 /* Sources */,
				5199C0ED1B24C79A00C90233 /* Frameworks */,
				5199C0EE1B24C79A00C90233 /* Resources */,
			);
			buildRules = (
			);
			dependencies = (
				5199C0F21B24C79A00C90233 /* PBXTargetDependency */,
			);
			name = MaddLibsTests;
			productName = MaddLibsTests;
			productReference = 5199C0F01B24C79A00C90233 /* MaddLibsTests.xctest */;
			productType = "com.apple.product-type.bundle.unit-test";
		};
/* End PBXNativeTarget section */

/* Begin PBXProject section */
		5199C0CF1B24C79900C90233 /* Project object */ = {
			isa = PBXProject;
			attributes = {
				LastUpgradeCheck = 0630;
				ORGANIZATIONNAME = "Natalia Estrella";
				TargetAttributes = {
					5199C0D61B24C79900C90233 = {
						CreatedOnToolsVersion = 6.3.2;
					};
					5199C0EF1B24C79A00C90233 = {
						CreatedOnToolsVersion = 6.3.2;
						TestTargetID = 5199C0D61B24C79900C90233;
					};
				};
			};
			buildConfigurationList = 5199C0D21B24C79900C90233 /* Build configuration list for PBXProject "MaddLibs" */;
			compatibilityVersion = "Xcode 3.2";
			developmentRegion = English;
			hasScannedForEncodings = 0;
			knownRegions = (
				en,
				Base,
			);
			mainGroup = 5199C0CE1B24C79900C90233;
			productRefGroup = 5199C0D81B24C79900C90233 /* Products */;
			projectDirPath = "";
			projectRoot = "";
			targets = (
				5199C0D61B24C79900C90233 /* MaddLibs */,
				5199C0EF1B24C79A00C90233 /* MaddLibsTests */,
			);
		};
/* End PBXProject section */

/* Begin PBXResourcesBuildPhase section */
		5199C0D51B24C79900C90233 /* Resources */ = {
			isa = PBXResourcesBuildPhase;
			buildActionMask = 2147483647;
			files = (
				5199C0E61B24C79A00C90233 /* Main.storyboard in Resources */,
				5199C0EB1B24C79A00C90233 /* LaunchScreen.xib in Resources */,
				5199C0E81B24C79A00C90233 /* Images.xcassets in Resources */,
			);
			runOnlyForDeploymentPostprocessing = 0;
		};
		5199C0EE1B24C79A00C90233 /* Resources */ = {
			isa = PBXResourcesBuildPhase;
			buildActionMask = 2147483647;
			files = (
			);
			runOnlyForDeploymentPostprocessing = 0;
		};
/* End PBXResourcesBuildPhase section */

/* Begin PBXSourcesBuildPhase section */
		5199C0D31B24C79900C90233 /* Sources */ = {
			isa = PBXSourcesBuildPhase;
			buildActionMask = 2147483647;
			files = (
				5199C0E31B24C79A00C90233 /* ViewController.m in Sources */,
				5199C0E01B24C79A00C90233 /* AppDelegate.m in Sources */,
				5199C0DD1B24C79900C90233 /* main.m in Sources */,
			);
			runOnlyForDeploymentPostprocessing = 0;
		};
		5199C0EC1B24C79A00C90233 /* Sources */ = {
			isa = PBXSourcesBuildPhase;
			buildActionMask = 2147483647;
			files = (
				5199C0F71B24C79A00C90233 /* MaddLibsTests.m in Sources */,
			);
			runOnlyForDeploymentPostprocessing = 0;
		};
/* End PBXSourcesBuildPhase section */

/* Begin PBXTargetDependency section */
		5199C0F21B24C79A00C90233 /* PBXTargetDependency */ = {
			isa = PBXTargetDependency;
			target = 5199C0D61B24C79900C90233 /* MaddLibs */;
			targetProxy = 5199C0F11B24C79A00C90233 /* PBXContainerItemProxy */;
		};
/* End PBXTargetDependency section */

/* Begin PBXVariantGroup section */
		5199C0E41B24C79A00C90233 /* Main.storyboard */ = {
			isa = PBXVariantGroup;
			children = (
				5199C0E51B24C79A00C90233 /* Base */,
			);
			name = Main.storyboard;
			sourceTree = "<group>";
		};
		5199C0E91B24C79A00C90233 /* LaunchScreen.xib */ = {
			isa = PBXVariantGroup;
			children = (
				5199C0EA1B24C79A00C90233 /* Base */,
			);
			name = LaunchScreen.xib;
			sourceTree = "<group>";
		};
/* End PBXVariantGroup section */

/* Begin XCBuildConfiguration section */
		5199C0F81B24C79A00C90233 /* Debug */ = {
			isa = XCBuildConfiguration;
			buildSettings = {
				ALWAYS_SEARCH_USER_PATHS = NO;
				CLANG_CXX_LANGUAGE_STANDARD = "gnu++0x";
				CLANG_CXX_LIBRARY = "libc++";
				CLANG_ENABLE_MODULES = YES;
				CLANG_ENABLE_OBJC_ARC = YES;
				CLANG_WARN_BOOL_CONVERSION = YES;
				CLANG_WARN_CONSTANT_CONVERSION = YES;
				CLANG_WARN_DIRECT_OBJC_ISA_USAGE = YES_ERROR;
				CLANG_WARN_EMPTY_BODY = YES;
				CLANG_WARN_ENUM_CONVERSION = YES;
				CLANG_WARN_INT_CONVERSION = YES;
				CLANG_WARN_OBJC_ROOT_CLASS = YES_ERROR;
				CLANG_WARN_UNREACHABLE_CODE = YES;
				CLANG_WARN__DUPLICATE_METHOD_MATCH = YES;
				"CODE_SIGN_IDENTITY[sdk=iphoneos*]" = "iPhone Developer";
				COPY_PHASE_STRIP = NO;
				DEBUG_INFORMATION_FORMAT = "dwarf-with-dsym";
				ENABLE_STRICT_OBJC_MSGSEND = YES;
				GCC_C_LANGUAGE_STANDARD = gnu99;
				GCC_DYNAMIC_NO_PIC = NO;
				GCC_NO_COMMON_BLOCKS = YES;
				GCC_OPTIMIZATION_LEVEL = 0;
				GCC_PREPROCESSOR_DEFINITIONS = (
					"DEBUG=1",
					"$(inherited)",
				);
				GCC_SYMBOLS_PRIVATE_EXTERN = NO;
				GCC_WARN_64_TO_32_BIT_CONVERSION = YES;
				GCC_WARN_ABOUT_RETURN_TYPE = YES_ERROR;
				GCC_WARN_UNDECLARED_SELECTOR = YES;
				GCC_WARN_UNINITIALIZED_AUTOS = YES_AGGRESSIVE;
				GCC_WARN_UNUSED_FUNCTION = YES;
				GCC_WARN_UNUSED_VARIABLE = YES;
				IPHONEOS_DEPLOYMENT_TARGET = 8.3;
				MTL_ENABLE_DEBUG_INFO = YES;
				ONLY_ACTIVE_ARCH = YES;
				SDKROOT = iphoneos;
			};
			name = Debug;
		};
		5199C0F91B24C79A00C90233 /* Release */ = {
			isa = XCBuildConfiguration;
			buildSettings = {
				ALWAYS_SEARCH_USER_PATHS = NO;
				CLANG_CXX_LANGUAGE_STANDARD = "gnu++0x";
				CLANG_CXX_LIBRARY = "libc++";
				CLANG_ENABLE_MODULES = YES;
				CLANG_ENABLE_OBJC_ARC = YES;
				CLANG_WARN_BOOL_CONVERSION = YES;
				CLANG_WARN_CONSTANT_CONVERSION = YES;
				CLANG_WARN_DIRECT_OBJC_ISA_USAGE = YES_ERROR;
				CLANG_WARN_EMPTY_BODY = YES;
				CLANG_WARN_ENUM_CONVERSION = YES;
				CLANG_WARN_INT_CONVERSION = YES;
				CLANG_WARN_OBJC_ROOT_CLASS = YES_ERROR;
				CLANG_WARN_UNREACHABLE_CODE = YES;
				CLANG_WARN__DUPLICATE_METHOD_MATCH = YES;
				"CODE_SIGN_IDENTITY[sdk=iphoneos*]" = "iPhone Developer";
				COPY_PHASE_STRIP = NO;
				DEBUG_INFORMATION_FORMAT = "dwarf-with-dsym";
				ENABLE_NS_ASSERTIONS = NO;
				ENABLE_STRICT_OBJC_MSGSEND = YES;
				GCC_C_LANGUAGE_STANDARD = gnu99;
				GCC_NO_COMMON_BLOCKS = YES;
				GCC_WARN_64_TO_32_BIT_CONVERSION = YES;
				GCC_WARN_ABOUT_RETURN_TYPE = YES_ERROR;
				GCC_WARN_UNDECLARED_SELECTOR = YES;
				GCC_WARN_UNINITIALIZED_AUTOS = YES_AGGRESSIVE;
				GCC_WARN_UNUSED_FUNCTION = YES;
				GCC_WARN_UNUSED_VARIABLE = YES;
				IPHONEOS_DEPLOYMENT_TARGET = 8.3;
				MTL_ENABLE_DEBUG_INFO = NO;
				SDKROOT = iphoneos;
				VALIDATE_PRODUCT = YES;
			};
			name = Release;
		};
		5199C0FB1B24C79A00C90233 /* Debug */ = {
			isa = XCBuildConfiguration;
			buildSettings = {
				ASSETCATALOG_COMPILER_APPICON_NAME = AppIcon;
				INFOPLIST_FILE = MaddLibs/Info.plist;
				LD_RUNPATH_SEARCH_PATHS = "$(inherited) @executable_path/Frameworks";
				PRODUCT_NAME = "$(TARGET_NAME)";
			};
			name = Debug;
		};
		5199C0FC1B24C79A00C90233 /* Release */ = {
			isa = XCBuildConfiguration;
			buildSettings = {
				ASSETCATALOG_COMPILER_APPICON_NAME = AppIcon;
				INFOPLIST_FILE = MaddLibs/Info.plist;
				LD_RUNPATH_SEARCH_PATHS = "$(inherited) @executable_path/Frameworks";
				PRODUCT_NAME = "$(TARGET_NAME)";
			};
			name = Release;
		};
		5199C0FE1B24C79A00C90233 /* Debug */ = {
			isa = XCBuildConfiguration;
			buildSettings = {
				BUNDLE_LOADER = "$(TEST_HOST)";
				FRAMEWORK_SEARCH_PATHS = (
					"$(SDKROOT)/Developer/Library/Frameworks",
					"$(inherited)",
				);
				GCC_PREPROCESSOR_DEFINITIONS = (
					"DEBUG=1",
					"$(inherited)",
				);
				INFOPLIST_FILE = MaddLibsTests/Info.plist;
				LD_RUNPATH_SEARCH_PATHS = "$(inherited) @executable_path/Frameworks @loader_path/Frameworks";
				PRODUCT_NAME = "$(TARGET_NAME)";
				TEST_HOST = "$(BUILT_PRODUCTS_DIR)/MaddLibs.app/MaddLibs";
			};
			name = Debug;
		};
		5199C0FF1B24C79A00C90233 /* Release */ = {
			isa = XCBuildConfiguration;
			buildSettings = {
				BUNDLE_LOADER = "$(TEST_HOST)";
				FRAMEWORK_SEARCH_PATHS = (
					"$(SDKROOT)/Developer/Library/Frameworks",
					"$(inherited)",
				);
				INFOPLIST_FILE = MaddLibsTests/Info.plist;
				LD_RUNPATH_SEARCH_PATHS = "$(inherited) @executable_path/Frameworks @loader_path/Frameworks";
				PRODUCT_NAME = "$(TARGET_NAME)";
				TEST_HOST = "$(BUILT_PRODUCTS_DIR)/MaddLibs.app/MaddLibs";
			};
			name = Release;
		};
/* End XCBuildConfiguration section */

/* Begin XCConfigurationList section */
		5199C0D21B24C79900C90233 /* Build configuration list for PBXProject "MaddLibs" */ = {
			isa = XCConfigurationList;
			buildConfigurations = (
				5199C0F81B24C79A00C90233 /* Debug */,
				5199C0F91B24C79A00C90233 /* Release */,
			);
			defaultConfigurationIsVisible = 0;
			defaultConfigurationName = Release;
		};
		5199C0FA1B24C79A00C90233 /* Build configuration list for PBXNativeTarget "MaddLibs" */ = {
			isa = XCConfigurationList;
			buildConfigurations = (
				5199C0FB1B24C79A00C90233 /* Debug */,
				5199C0FC1B24C79A00C90233 /* Release */,
			);
			defaultConfigurationIsVisible = 0;
		};
		5199C0FD1B24C79A00C90233 /* Build configuration list for PBXNativeTarget "MaddLibsTests" */ = {
			isa = XCConfigurationList;
			buildConfigurations = (
				5199C0FE1B24C79A00C90233 /* Debug */,
				5199C0FF1B24C79A00C90233 /* Release */,
			);
			defaultConfigurationIsVisible = 0;
		};
/* End XCConfigurationList section */
	};
	rootObject = 5199C0CF1B24C79900C90233 /* Project object */;
}
